
Microsoft Visual Studio Solution File, Format Version 12.00
# Visual Studio Version 17
VisualStudioVersion = 17.9.34714.143
MinimumVisualStudioVersion = 10.0.40219.1
Project("{FAE04EC0-301F-11D3-BF4B-00C04F79EFBC}") = "WpfSpatify", "WpfSpatify\WpfSpatify.csproj", "{611D542C-EA31-4EF8-A0B8-CDDA3AD0A10E}"
EndProject
Global
	GlobalSection(SolutionConfigurationPlatforms) = preSolution
		Debug|Any CPU = Debug|Any CPU
		Release|Any CPU = Release|Any CPU
	EndGlobalSection
	GlobalSection(ProjectConfigurationPlatforms) = postSolution
		{611D542C-EA31-4EF8-A0B8-CDDA3AD0A10E}.Debug|Any CPU.ActiveCfg = Debug|Any CPU
		{611D542C-EA31-4EF8-A0B8-CDDA3AD0A10E}.Debug|Any CPU.Build.0 = Debug|Any CPU
		{611D542C-EA31-4EF8-A0B8-CDDA3AD0A10E}.Release|Any CPU.ActiveCfg = Release|Any CPU
		{611D542C-EA31-4EF8-A0B8-CDDA3AD0A10E}.Release|Any CPU.Build.0 = Release|Any CPU
	EndGlobalSection
	GlobalSection(SolutionProperties) = preSolution
		HideSolutionNode = FALSE
	EndGlobalSection
	GlobalSection(ExtensibilityGlobals) = postSolution
		SolutionGuid = {798DF565-5845-417B-8645-A38D60880225}
	EndGlobalSection
EndGlobal
